
Microsoft Visual Studio Solution File, Format Version 12.00
# Visual Studio Version 16
VisualStudioVersion = 16.0.30711.63
MinimumVisualStudioVersion = 10.0.40219.1
Project("{FAE04EC0-301F-11D3-BF4B-00C04F79EFBC}") = "Banken-H1", "Banken-H1.csproj", "{573D83E0-0C3D-4423-BFE4-581F8D38DA8E}"
EndProject
Global
	GlobalSection(SolutionConfigurationPlatforms) = preSolution
		Debug|Any CPU = Debug|Any CPU
		Release|Any CPU = Release|Any CPU
	EndGlobalSection
	GlobalSection(ProjectConfigurationPlatforms) = postSolution
		{573D83E0-0C3D-4423-BFE4-581F8D38DA8E}.Debug|Any CPU.ActiveCfg = Debug|Any CPU
		{573D83E0-0C3D-4423-BFE4-581F8D38DA8E}.Debug|Any CPU.Build.0 = Debug|Any CPU
		{573D83E0-0C3D-4423-BFE4-581F8D38DA8E}.Release|Any CPU.ActiveCfg = Release|Any CPU
		{573D83E0-0C3D-4423-BFE4-581F8D38DA8E}.Release|Any CPU.Build.0 = Release|Any CPU
	EndGlobalSection
	GlobalSection(SolutionProperties) = preSolution
		HideSolutionNode = FALSE
	EndGlobalSection
	GlobalSection(ExtensibilityGlobals) = postSolution
		SolutionGuid = {FD07A2B1-B200-4764-B9FA-AD4CBA39A637}
	EndGlobalSection
EndGlobal
